
Microsoft Visual Studio Solution File, Format Version 12.00
# Visual Studio 15
VisualStudioVersion = 15.0.26730.15
MinimumVisualStudioVersion = 10.0.40219.1
Project("{FAE04EC0-301F-11D3-BF4B-00C04F79EFBC}") = "NPD_UI", "NPD_UI\NPD_UI.csproj", "{C41898D6-7E82-40FE-AFC7-20D0A0CC80C5}"
EndProject
Project("{FAE04EC0-301F-11D3-BF4B-00C04F79EFBC}") = "NPD_UI.Tests", "NPD_UI.Tests\NPD_UI.Tests.csproj", "{051EBDD8-3FFF-49D1-A699-94A100FFBFE8}"
EndProject
Project("{FAE04EC0-301F-11D3-BF4B-00C04F79EFBC}") = "NPD.DAL", "NPD.DAL\NPD.DAL.csproj", "{758429FF-2D93-4D69-B9B2-6E6758C922C7}"
EndProject
Project("{FAE04EC0-301F-11D3-BF4B-00C04F79EFBC}") = "NPD.ViewModel", "NPD.ViewModel\NPD.ViewModel.csproj", "{77DF2346-31F0-4748-A783-B2BF612C04CC}"
EndProject
Project("{FAE04EC0-301F-11D3-BF4B-00C04F79EFBC}") = "NPD_Win_UI", "NPD_Win_UI\NPD_Win_UI.csproj", "{170CEDA0-549E-49CF-82EE-553990CDFC70}"
EndProject
Global
	GlobalSection(SolutionConfigurationPlatforms) = preSolution
		Debug|Any CPU = Debug|Any CPU
		Release|Any CPU = Release|Any CPU
	EndGlobalSection
	GlobalSection(ProjectConfigurationPlatforms) = postSolution
		{C41898D6-7E82-40FE-AFC7-20D0A0CC80C5}.Debug|Any CPU.ActiveCfg = Debug|Any CPU
		{C41898D6-7E82-40FE-AFC7-20D0A0CC80C5}.Debug|Any CPU.Build.0 = Debug|Any CPU
		{C41898D6-7E82-40FE-AFC7-20D0A0CC80C5}.Release|Any CPU.ActiveCfg = Release|Any CPU
		{C41898D6-7E82-40FE-AFC7-20D0A0CC80C5}.Release|Any CPU.Build.0 = Release|Any CPU
		{051EBDD8-3FFF-49D1-A699-94A100FFBFE8}.Debug|Any CPU.ActiveCfg = Debug|Any CPU
		{051EBDD8-3FFF-49D1-A699-94A100FFBFE8}.Debug|Any CPU.Build.0 = Debug|Any CPU
		{051EBDD8-3FFF-49D1-A699-94A100FFBFE8}.Release|Any CPU.ActiveCfg = Release|Any CPU
		{051EBDD8-3FFF-49D1-A699-94A100FFBFE8}.Release|Any CPU.Build.0 = Release|Any CPU
		{758429FF-2D93-4D69-B9B2-6E6758C922C7}.Debug|Any CPU.ActiveCfg = Debug|Any CPU
		{758429FF-2D93-4D69-B9B2-6E6758C922C7}.Debug|Any CPU.Build.0 = Debug|Any CPU
		{758429FF-2D93-4D69-B9B2-6E6758C922C7}.Release|Any CPU.ActiveCfg = Release|Any CPU
		{758429FF-2D93-4D69-B9B2-6E6758C922C7}.Release|Any CPU.Build.0 = Release|Any CPU
		{77DF2346-31F0-4748-A783-B2BF612C04CC}.Debug|Any CPU.ActiveCfg = Debug|Any CPU
		{77DF2346-31F0-4748-A783-B2BF612C04CC}.Debug|Any CPU.Build.0 = Debug|Any CPU
		{77DF2346-31F0-4748-A783-B2BF612C04CC}.Release|Any CPU.ActiveCfg = Release|Any CPU
		{77DF2346-31F0-4748-A783-B2BF612C04CC}.Release|Any CPU.Build.0 = Release|Any CPU
		{170CEDA0-549E-49CF-82EE-553990CDFC70}.Debug|Any CPU.ActiveCfg = Debug|Any CPU
		{170CEDA0-549E-49CF-82EE-553990CDFC70}.Debug|Any CPU.Build.0 = Debug|Any CPU
		{170CEDA0-549E-49CF-82EE-553990CDFC70}.Release|Any CPU.ActiveCfg = Release|Any CPU
		{170CEDA0-549E-49CF-82EE-553990CDFC70}.Release|Any CPU.Build.0 = Release|Any CPU
	EndGlobalSection
	GlobalSection(SolutionProperties) = preSolution
		HideSolutionNode = FALSE
	EndGlobalSection
	GlobalSection(ExtensibilityGlobals) = postSolution
		SolutionGuid = {8243CE0B-2542-413C-9A01-8C604052936F}
	EndGlobalSection
EndGlobal
